GEM
  remote: https://rubygems.org/
  specs:
    minitest (5.27.0)
    rubyzip (3.4.1)

PLATFORMS
  arm64-darwin-25
  ruby
  x64-mingw-ucrt

DEPENDENCIES
  minitest (~> 5.0)
  rubyzip (~> 3.0)

CHECKSUMS
  bundler (4.0.16) sha256=d6ca5dd440c24f9abce9844cf44cc8e18c6a553de65a47efb4544137af92c47d
  minitest (5.27.0) sha256=2d3b17f8a36fe7801c1adcffdbc38233b938eb0b4966e97a6739055a45fa77d5
  rubyzip (3.4.1) sha256=0a79e745b5c25872ebd148457df5665da8530ed8626c993b01457128f173ca02

BUNDLED WITH
  4.0.16
